
Microsoft Visual Studio Solution File, Format Version 12.00
# Visual Studio Version 17
VisualStudioVersion = 17.0.31903.59
MinimumVisualStudioVersion = 10.0.40219.1
Project("{2150E333-8FDC-42A3-9474-1A3956D46DE8}") = "src", "src", "{827E0CD3-B72D-47B6-A68D-7590B98EB39B}"
EndProject
Project("{FAE04EC0-301F-11D3-BF4B-00C04F79EFBC}") = "UTEP.Cli", "src\UTEP.Cli\UTEP.Cli.csproj", "{D21AED8E-EA8B-4C94-AE77-50D10BB07BF5}"
EndProject
Project("{2150E333-8FDC-42A3-9474-1A3956D46DE8}") = "tests", "tests", "{0AB3BF05-4346-4AA6-1389-037BE0695223}"
EndProject
Project("{FAE04EC0-301F-11D3-BF4B-00C04F79EFBC}") = "UTEP.Tests", "tests\UTEP.Tests\UTEP.Tests.csproj", "{583631E5-67A8-4ECF-A100-B06BE68A1CE9}"
EndProject
Global
	GlobalSection(SolutionConfigurationPlatforms) = preSolution
		Debug|Any CPU = Debug|Any CPU
		Debug|x64 = Debug|x64
		Debug|x86 = Debug|x86
		Release|Any CPU = Release|Any CPU
		Release|x64 = Release|x64
		Release|x86 = Release|x86
	EndGlobalSection
	GlobalSection(ProjectConfigurationPlatforms) = postSolution
		{D21AED8E-EA8B-4C94-AE77-50D10BB07BF5}.Debug|Any CPU.ActiveCfg = Debug|Any CPU
		{D21AED8E-EA8B-4C94-AE77-50D10BB07BF5}.Debug|Any CPU.Build.0 = Debug|Any CPU
		{D21AED8E-EA8B-4C94-AE77-50D10BB07BF5}.Debug|x64.ActiveCfg = Debug|Any CPU
		{D21AED8E-EA8B-4C94-AE77-50D10BB07BF5}.Debug|x64.Build.0 = Debug|Any CPU
		{D21AED8E-EA8B-4C94-AE77-50D10BB07BF5}.Debug|x86.ActiveCfg = Debug|Any CPU
		{D21AED8E-EA8B-4C94-AE77-50D10BB07BF5}.Debug|x86.Build.0 = Debug|Any CPU
		{D21AED8E-EA8B-4C94-AE77-50D10BB07BF5}.Release|Any CPU.ActiveCfg = Release|Any CPU
		{D21AED8E-EA8B-4C94-AE77-50D10BB07BF5}.Release|Any CPU.Build.0 = Release|Any CPU
		{D21AED8E-EA8B-4C94-AE77-50D10BB07BF5}.Release|x64.ActiveCfg = Release|Any CPU
		{D21AED8E-EA8B-4C94-AE77-50D10BB07BF5}.Release|x64.Build.0 = Release|Any CPU
		{D21AED8E-EA8B-4C94-AE77-50D10BB07BF5}.Release|x86.ActiveCfg = Release|Any CPU
		{D21AED8E-EA8B-4C94-AE77-50D10BB07BF5}.Release|x86.Build.0 = Release|Any CPU
		{583631E5-67A8-4ECF-A100-B06BE68A1CE9}.Debug|Any CPU.ActiveCfg = Debug|Any CPU
		{583631E5-67A8-4ECF-A100-B06BE68A1CE9}.Debug|Any CPU.Build.0 = Debug|Any CPU
		{583631E5-67A8-4ECF-A100-B06BE68A1CE9}.Debug|x64.ActiveCfg = Debug|Any CPU
		{583631E5-67A8-4ECF-A100-B06BE68A1CE9}.Debug|x64.Build.0 = Debug|Any CPU
		{583631E5-67A8-4ECF-A100-B06BE68A1CE9}.Debug|x86.ActiveCfg = Debug|Any CPU
		{583631E5-67A8-4ECF-A100-B06BE68A1CE9}.Debug|x86.Build.0 = Debug|Any CPU
		{583631E5-67A8-4ECF-A100-B06BE68A1CE9}.Release|Any CPU.ActiveCfg = Release|Any CPU
		{583631E5-67A8-4ECF-A100-B06BE68A1CE9}.Release|Any CPU.Build.0 = Release|Any CPU
		{583631E5-67A8-4ECF-A100-B06BE68A1CE9}.Release|x64.ActiveCfg = Release|Any CPU
		{583631E5-67A8-4ECF-A100-B06BE68A1CE9}.Release|x64.Build.0 = Release|Any CPU
		{583631E5-67A8-4ECF-A100-B06BE68A1CE9}.Release|x86.ActiveCfg = Release|Any CPU
		{583631E5-67A8-4ECF-A100-B06BE68A1CE9}.Release|x86.Build.0 = Release|Any CPU
	EndGlobalSection
	GlobalSection(SolutionProperties) = preSolution
		HideSolutionNode = FALSE
	EndGlobalSection
	GlobalSection(NestedProjects) = preSolution
		{D21AED8E-EA8B-4C94-AE77-50D10BB07BF5} = {827E0CD3-B72D-47B6-A68D-7590B98EB39B}
		{583631E5-67A8-4ECF-A100-B06BE68A1CE9} = {0AB3BF05-4346-4AA6-1389-037BE0695223}
	EndGlobalSection
EndGlobal
